// !$*UTF8*$!
{
	archiveVersion = 1;
	classes = {
	};
	objectVersion = 51;
	objects = {

/* Begin PBXBuildFile section */
		04184C8024F3FB55002CCD7A /* UIViewController+Extension.swift in Sources */ = {isa = PBXBuildFile; fileRef = 04184C7F24F3FB55002CCD7A /* UIViewController+Extension.swift */; };
		04A4776B24F3DDF800D470DF /* AppDelegate.swift in Sources */ = {isa = PBXBuildFile; fileRef = 04A4776A24F3DDF800D470DF /* AppDelegate.swift */; };
		04A4776F24F3DDF800D470DF /* RatesViewController.swift in Sources */ = {isa = PBXBuildFile; fileRef = 04A4776E24F3DDF800D470DF /* RatesViewController.swift */; };
		04A4777224F3DDF800D470DF /* Rates.storyboard in Resources */ = {isa = PBXBuildFile; fileRef = 04A4777024F3DDF800D470DF /* Rates.storyboard */; };
		04A4777424F3DDFB00D470DF /* Assets.xcassets in Resources */ = {isa = PBXBuildFile; fileRef = 04A4777324F3DDFB00D470DF /* Assets.xcassets */; };
		04A4777724F3DDFB00D470DF /* LaunchScreen.storyboard in Resources */ = {isa = PBXBuildFile; fileRef = 04A4777524F3DDFB00D470DF /* LaunchScreen.storyboard */; };
		04A4778824F3E18800D470DF /* RatesViewModel.swift in Sources */ = {isa = PBXBuildFile; fileRef = 04A4778724F3E18800D470DF /* RatesViewModel.swift */; };
		04A4778A24F3E19D00D470DF /* RatesNetworkService.swift in Sources */ = {isa = PBXBuildFile; fileRef = 04A4778924F3E19D00D470DF /* RatesNetworkService.swift */; };
		04A4778D24F3E1F700D470DF /* EndPointProtocol.swift in Sources */ = {isa = PBXBuildFile; fileRef = 04A4778C24F3E1F700D470DF /* EndPointProtocol.swift */; };
		04A4778F24F3E20000D470DF /* APIRequestProtocol.swift in Sources */ = {isa = PBXBuildFile; fileRef = 04A4778E24F3E20000D470DF /* APIRequestProtocol.swift */; };
		04A4779124F3E20900D470DF /* APIParametersProtocol.swift in Sources */ = {isa = PBXBuildFile; fileRef = 04A4779024F3E20900D470DF /* APIParametersProtocol.swift */; };
		04A4779324F3E21300D470DF /* APIClientProtocol.swift in Sources */ = {isa = PBXBuildFile; fileRef = 04A4779224F3E21300D470DF /* APIClientProtocol.swift */; };
		04A4779524F3E21E00D470DF /* RequestGenerator.swift in Sources */ = {isa = PBXBuildFile; fileRef = 04A4779424F3E21E00D470DF /* RequestGenerator.swift */; };
		04A4779724F3E22600D470DF /* RequestError.swift in Sources */ = {isa = PBXBuildFile; fileRef = 04A4779624F3E22600D470DF /* RequestError.swift */; };
		98B0BFE88D58F7050C45A03B /* Pods_CurrencyApp.framework in Frameworks */ = {isa = PBXBuildFile; fileRef = B1D9B0748C8229A0D68D284C /* Pods_CurrencyApp.framework */; };
/* End PBXBuildFile section */

/* Begin PBXFileReference section */
		04184C7F24F3FB55002CCD7A /* UIViewController+Extension.swift */ = {isa = PBXFileReference; lastKnownFileType = sourcecode.swift; path = "UIViewController+Extension.swift"; sourceTree = "<group>"; };
		04A4776724F3DDF800D470DF /* CurrencyApp.app */ = {isa = PBXFileReference; explicitFileType = wrapper.application; includeInIndex = 0; path = CurrencyApp.app; sourceTree = BUILT_PRODUCTS_DIR; };
		04A4776A24F3DDF800D470DF /* AppDelegate.swift */ = {isa = PBXFileReference; lastKnownFileType = sourcecode.swift; path = AppDelegate.swift; sourceTree = "<group>"; };
		04A4776E24F3DDF800D470DF /* RatesViewController.swift */ = {isa = PBXFileReference; lastKnownFileType = sourcecode.swift; path = RatesViewController.swift; sourceTree = "<group>"; };
		04A4777124F3DDF800D470DF /* Base */ = {isa = PBXFileReference; lastKnownFileType = file.storyboard; name = Base; path = Base.lproj/Rates.storyboard; sourceTree = "<group>"; };
		04A4777324F3DDFB00D470DF /* Assets.xcassets */ = {isa = PBXFileReference; lastKnownFileType = folder.assetcatalog; path = Assets.xcassets; sourceTree = "<group>"; };
		04A4777624F3DDFB00D470DF /* Base */ = {isa = PBXFileReference; lastKnownFileType = file.storyboard; name = Base; path = Base.lproj/LaunchScreen.storyboard; sourceTree = "<group>"; };
		04A4777824F3DDFB00D470DF /* Info.plist */ = {isa = PBXFileReference; lastKnownFileType = text.plist.xml; path = Info.plist; sourceTree = "<group>"; };
		04A4778724F3E18800D470DF /* RatesViewModel.swift */ = {isa = PBXFileReference; lastKnownFileType = sourcecode.swift; path = RatesViewModel.swift; sourceTree = "<group>"; };
		04A4778924F3E19D00D470DF /* RatesNetworkService.swift */ = {isa = PBXFileReference; lastKnownFileType = sourcecode.swift; path = RatesNetworkService.swift; sourceTree = "<group>"; };
		04A4778C24F3E1F700D470DF /* EndPointProtocol.swift */ = {isa = PBXFileReference; lastKnownFileType = sourcecode.swift; path = EndPointProtocol.swift; sourceTree = "<group>"; };
		04A4778E24F3E20000D470DF /* APIRequestProtocol.swift */ = {isa = PBXFileReference; lastKnownFileType = sourcecode.swift; path = APIRequestProtocol.swift; sourceTree = "<group>"; };
		04A4779024F3E20900D470DF /* APIParametersProtocol.swift */ = {isa = PBXFileReference; lastKnownFileType = sourcecode.swift; path = APIParametersProtocol.swift; sourceTree = "<group>"; };
		04A4779224F3E21300D470DF /* APIClientProtocol.swift */ = {isa = PBXFileReference; lastKnownFileType = sourcecode.swift; path = APIClientProtocol.swift; sourceTree = "<group>"; };
		04A4779424F3E21E00D470DF /* RequestGenerator.swift */ = {isa = PBXFileReference; lastKnownFileType = sourcecode.swift; path = RequestGenerator.swift; sourceTree = "<group>"; };
		04A4779624F3E22600D470DF /* RequestError.swift */ = {isa = PBXFileReference; lastKnownFileType = sourcecode.swift; path = RequestError.swift; sourceTree = "<group>"; };
		08B4E880D95DB80F01A2FB87 /* Pods-CurrencyApp.debug.xcconfig */ = {isa = PBXFileReference; includeInIndex = 1; lastKnownFileType = text.xcconfig; name = "Pods-CurrencyApp.debug.xcconfig"; path = "Target Support Files/Pods-CurrencyApp/Pods-CurrencyApp.debug.xcconfig"; sourceTree = "<group>"; };
		35FB789D2005D4520E591138 /* Pods-CurrencyApp.release.xcconfig */ = {isa = PBXFileReference; includeInIndex = 1; lastKnownFileType = text.xcconfig; name = "Pods-CurrencyApp.release.xcconfig"; path = "Target Support Files/Pods-CurrencyApp/Pods-CurrencyApp.release.xcconfig"; sourceTree = "<group>"; };
		B1D9B0748C8229A0D68D284C /* Pods_CurrencyApp.framework */ = {isa = PBXFileReference; explicitFileType = wrapper.framework; includeInIndex = 0; path = Pods_CurrencyApp.framework; sourceTree = BUILT_PRODUCTS_DIR; };
/* End PBXFileReference section */

/* Begin PBXFrameworksBuildPhase section */
		04A4776424F3DDF800D470DF /* Frameworks */ = {
			isa = PBXFrameworksBuildPhase;
			buildActionMask = 2147483647;
			files = (
				98B0BFE88D58F7050C45A03B /* Pods_CurrencyApp.framework in Frameworks */,
			);
			runOnlyForDeploymentPostprocessing = 0;
		};
/* End PBXFrameworksBuildPhase section */

/* Begin PBXGroup section */
		04184C8124F3FB59002CCD7A /* Extensions */ = {
			isa = PBXGroup;
			children = (
				04184C7F24F3FB55002CCD7A /* UIViewController+Extension.swift */,
			);
			path = Extensions;
			sourceTree = "<group>";
		};
		04A4775E24F3DDF800D470DF = {
			isa = PBXGroup;
			children = (
				04A4776924F3DDF800D470DF /* CurrencyApp */,
				04A4776824F3DDF800D470DF /* Products */,
				7ABC74C9F6E133E33DEEE4DA /* Pods */,
				E223766A66669AF4CFEEB623 /* Frameworks */,
			);
			sourceTree = "<group>";
		};
		04A4776824F3DDF800D470DF /* Products */ = {
			isa = PBXGroup;
			children = (
				04A4776724F3DDF800D470DF /* CurrencyApp.app */,
			);
			name = Products;
			sourceTree = "<group>";
		};
		04A4776924F3DDF800D470DF /* CurrencyApp */ = {
			isa = PBXGroup;
			children = (
				04A4778124F3E08400D470DF /* Scenes */,
				04A4778024F3E07C00D470DF /* Utils */,
				04A4777E24F3E03600D470DF /* Services */,
				04A4776A24F3DDF800D470DF /* AppDelegate.swift */,
				04A4777324F3DDFB00D470DF /* Assets.xcassets */,
				04A4777524F3DDFB00D470DF /* LaunchScreen.storyboard */,
				04A4777824F3DDFB00D470DF /* Info.plist */,
			);
			path = CurrencyApp;
			sourceTree = "<group>";
		};
		04A4777E24F3E03600D470DF /* Services */ = {
			isa = PBXGroup;
			children = (
				04A4777F24F3E04500D470DF /* APIClient */,
			);
			path = Services;
			sourceTree = "<group>";
		};
		04A4777F24F3E04500D470DF /* APIClient */ = {
			isa = PBXGroup;
			children = (
				04A4778B24F3E1CA00D470DF /* Protocols */,
				04A4779424F3E21E00D470DF /* RequestGenerator.swift */,
				04A4779624F3E22600D470DF /* RequestError.swift */,
			);
			path = APIClient;
			sourceTree = "<group>";
		};
		04A4778024F3E07C00D470DF /* Utils */ = {
			isa = PBXGroup;
			children = (
				04184C8124F3FB59002CCD7A /* Extensions */,
			);
			path = Utils;
			sourceTree = "<group>";
		};
		04A4778124F3E08400D470DF /* Scenes */ = {
			isa = PBXGroup;
			children = (
				04A4778224F3E08D00D470DF /* Rates */,
			);
			path = Scenes;
			sourceTree = "<group>";
		};
		04A4778224F3E08D00D470DF /* Rates */ = {
			isa = PBXGroup;
			children = (
				04A4778624F3E0AE00D470DF /* View */,
				04A4778524F3E0A800D470DF /* ViewModel */,
				04A4778424F3E0A200D470DF /* NetworkService */,
				04A4778324F3E09D00D470DF /* Model */,
			);
			path = Rates;
			sourceTree = "<group>";
		};
		04A4778324F3E09D00D470DF /* Model */ = {
			isa = PBXGroup;
			children = (
			);
			path = Model;
			sourceTree = "<group>";
		};
		04A4778424F3E0A200D470DF /* NetworkService */ = {
			isa = PBXGroup;
			children = (
				04A4778924F3E19D00D470DF /* RatesNetworkService.swift */,
			);
			path = NetworkService;
			sourceTree = "<group>";
		};
		04A4778524F3E0A800D470DF /* ViewModel */ = {
			isa = PBXGroup;
			children = (
				04A4778724F3E18800D470DF /* RatesViewModel.swift */,
			);
			path = ViewModel;
			sourceTree = "<group>";
		};
		04A4778624F3E0AE00D470DF /* View */ = {
			isa = PBXGroup;
			children = (
				04A4776E24F3DDF800D470DF /* RatesViewController.swift */,
				04A4777024F3DDF800D470DF /* Rates.storyboard */,
			);
			path = View;
			sourceTree = "<group>";
		};
		04A4778B24F3E1CA00D470DF /* Protocols */ = {
			isa = PBXGroup;
			children = (
				04A4778C24F3E1F700D470DF /* EndPointProtocol.swift */,
				04A4778E24F3E20000D470DF /* APIRequestProtocol.swift */,
				04A4779024F3E20900D470DF /* APIParametersProtocol.swift */,
				04A4779224F3E21300D470DF /* APIClientProtocol.swift */,
			);
			path = Protocols;
			sourceTree = "<group>";
		};
		7ABC74C9F6E133E33DEEE4DA /* Pods */ = {
			isa = PBXGroup;
			children = (
				08B4E880D95DB80F01A2FB87 /* Pods-CurrencyApp.debug.xcconfig */,
				35FB789D2005D4520E591138 /* Pods-CurrencyApp.release.xcconfig */,
			);
			path = Pods;
			sourceTree = "<group>";
		};
		E223766A66669AF4CFEEB623 /* Frameworks */ = {
			isa = PBXGroup;
			children = (
				B1D9B0748C8229A0D68D284C /* Pods_CurrencyApp.framework */,
			);
			name = Frameworks;
			sourceTree = "<group>";
		};
/* End PBXGroup section */

/* Begin PBXNativeTarget section */
		04A4776624F3DDF800D470DF /* CurrencyApp */ = {
			isa = PBXNativeTarget;
			buildConfigurationList = 04A4777B24F3DDFB00D470DF /* Build configuration list for PBXNativeTarget "CurrencyApp" */;
			buildPhases = (
				61C1E26CDA74A5F787A970E4 /* [CP] Check Pods Manifest.lock */,
				04A4776324F3DDF800D470DF /* Sources */,
				04A4776424F3DDF800D470DF /* Frameworks */,
				04A4776524F3DDF800D470DF /* Resources */,
				4D07B707B55608FC69BA4DBF /* [CP] Embed Pods Frameworks */,
			);
			buildRules = (
			);
			dependencies = (
			);
			name = CurrencyApp;
			productName = CurrencyApp;
			productReference = 04A4776724F3DDF800D470DF /* CurrencyApp.app */;
			productType = "com.apple.product-type.application";
		};
/* End PBXNativeTarget section */

/* Begin PBXProject section */
		04A4775F24F3DDF800D470DF /* Project object */ = {
			isa = PBXProject;
			attributes = {
				LastSwiftUpdateCheck = 1160;
				LastUpgradeCheck = 1160;
				ORGANIZATIONNAME = "Dmitry Kuzin";
				TargetAttributes = {
					04A4776624F3DDF800D470DF = {
						CreatedOnToolsVersion = 11.6;
					};
				};
			};
			buildConfigurationList = 04A4776224F3DDF800D470DF /* Build configuration list for PBXProject "CurrencyApp" */;
			compatibilityVersion = "Xcode 9.3";
			developmentRegion = en;
			hasScannedForEncodings = 0;
			knownRegions = (
				en,
				Base,
			);
			mainGroup = 04A4775E24F3DDF800D470DF;
			productRefGroup = 04A4776824F3DDF800D470DF /* Products */;
			projectDirPath = "";
			projectRoot = "";
			targets = (
				04A4776624F3DDF800D470DF /* CurrencyApp */,
			);
		};
/* End PBXProject section */

/* Begin PBXResourcesBuildPhase section */
		04A4776524F3DDF800D470DF /* Resources */ = {
			isa = PBXResourcesBuildPhase;
			buildActionMask = 2147483647;
			files = (
				04A4777724F3DDFB00D470DF /* LaunchScreen.storyboard in Resources */,
				04A4777424F3DDFB00D470DF /* Assets.xcassets in Resources */,
				04A4777224F3DDF800D470DF /* Rates.storyboard in Resources */,
			);
			runOnlyForDeploymentPostprocessing = 0;
		};
/* End PBXResourcesBuildPhase section */

/* Begin PBXShellScriptBuildPhase section */
		4D07B707B55608FC69BA4DBF /* [CP] Embed Pods Frameworks */ = {
			isa = PBXShellScriptBuildPhase;
			buildActionMask = 2147483647;
			files = (
			);
			inputFileListPaths = (
				"${PODS_ROOT}/Target Support Files/Pods-CurrencyApp/Pods-CurrencyApp-frameworks-${CONFIGURATION}-input-files.xcfilelist",
			);
			name = "[CP] Embed Pods Frameworks";
			outputFileListPaths = (
				"${PODS_ROOT}/Target Support Files/Pods-CurrencyApp/Pods-CurrencyApp-frameworks-${CONFIGURATION}-output-files.xcfilelist",
			);
			runOnlyForDeploymentPostprocessing = 0;
			shellPath = /bin/sh;
			shellScript = "\"${PODS_ROOT}/Target Support Files/Pods-CurrencyApp/Pods-CurrencyApp-frameworks.sh\"\n";
			showEnvVarsInLog = 0;
		};
		61C1E26CDA74A5F787A970E4 /* [CP] Check Pods Manifest.lock */ = {
			isa = PBXShellScriptBuildPhase;
			buildActionMask = 2147483647;
			files = (
			);
			inputFileListPaths = (
			);
			inputPaths = (
				"${PODS_PODFILE_DIR_PATH}/Podfile.lock",
				"${PODS_ROOT}/Manifest.lock",
			);
			name = "[CP] Check Pods Manifest.lock";
			outputFileListPaths = (
			);
			outputPaths = (
				"$(DERIVED_FILE_DIR)/Pods-CurrencyApp-checkManifestLockResult.txt",
			);
			runOnlyForDeploymentPostprocessing = 0;
			shellPath = /bin/sh;
			shellScript = "diff \"${PODS_PODFILE_DIR_PATH}/Podfile.lock\" \"${PODS_ROOT}/Manifest.lock\" > /dev/null\nif [ $? != 0 ] ; then\n    # print error to STDERR\n    echo \"error: The sandbox is not in sync with the Podfile.lock. Run 'pod install' or update your CocoaPods installation.\" >&2\n    exit 1\nfi\n# This output is used by Xcode 'outputs' to avoid re-running this script phase.\necho \"SUCCESS\" > \"${SCRIPT_OUTPUT_FILE_0}\"\n";
			showEnvVarsInLog = 0;
		};
/* End PBXShellScriptBuildPhase section */

/* Begin PBXSourcesBuildPhase section */
		04A4776324F3DDF800D470DF /* Sources */ = {
			isa = PBXSourcesBuildPhase;
			buildActionMask = 2147483647;
			files = (
				04A4776F24F3DDF800D470DF /* RatesViewController.swift in Sources */,
				04184C8024F3FB55002CCD7A /* UIViewController+Extension.swift in Sources */,
				04A4778A24F3E19D00D470DF /* RatesNetworkService.swift in Sources */,
				04A4778D24F3E1F700D470DF /* EndPointProtocol.swift in Sources */,
				04A4779124F3E20900D470DF /* APIParametersProtocol.swift in Sources */,
				04A4778824F3E18800D470DF /* RatesViewModel.swift in Sources */,
				04A4779324F3E21300D470DF /* APIClientProtocol.swift in Sources */,
				04A4779724F3E22600D470DF /* RequestError.swift in Sources */,
				04A4779524F3E21E00D470DF /* RequestGenerator.swift in Sources */,
				04A4778F24F3E20000D470DF /* APIRequestProtocol.swift in Sources */,
				04A4776B24F3DDF800D470DF /* AppDelegate.swift in Sources */,
			);
			runOnlyForDeploymentPostprocessing = 0;
		};
/* End PBXSourcesBuildPhase section */

/* Begin PBXVariantGroup section */
		04A4777024F3DDF800D470DF /* Rates.storyboard */ = {
			isa = PBXVariantGroup;
			children = (
				04A4777124F3DDF800D470DF /* Base */,
			);
			name = Rates.storyboard;
			sourceTree = "<group>";
		};
		04A4777524F3DDFB00D470DF /* LaunchScreen.storyboard */ = {
			isa = PBXVariantGroup;
			children = (
				04A4777624F3DDFB00D470DF /* Base */,
			);
			name = LaunchScreen.storyboard;
			sourceTree = "<group>";
		};
/* End PBXVariantGroup section */

/* Begin XCBuildConfiguration section */
		04A4777924F3DDFB00D470DF /* Debug */ = {
			isa = XCBuildConfiguration;
			buildSettings = {
				ALWAYS_SEARCH_USER_PATHS = NO;
				CLANG_ANALYZER_NONNULL = YES;
				CLANG_ANALYZER_NUMBER_OBJECT_CONVERSION = YES_AGGRESSIVE;
				CLANG_CXX_LANGUAGE_STANDARD = "gnu++14";
				CLANG_CXX_LIBRARY = "libc++";
				CLANG_ENABLE_MODULES = YES;
				CLANG_ENABLE_OBJC_ARC = YES;
				CLANG_ENABLE_OBJC_WEAK = YES;
				CLANG_WARN_BLOCK_CAPTURE_AUTORELEASING = YES;
				CLANG_WARN_BOOL_CONVERSION = YES;
				CLANG_WARN_COMMA = YES;
				CLANG_WARN_CONSTANT_CONVERSION = YES;
				CLANG_WARN_DEPRECATED_OBJC_IMPLEMENTATIONS = YES;
				CLANG_WARN_DIRECT_OBJC_ISA_USAGE = YES_ERROR;
				CLANG_WARN_DOCUMENTATION_COMMENTS = YES;
				CLANG_WARN_EMPTY_BODY = YES;
				CLANG_WARN_ENUM_CONVERSION = YES;
				CLANG_WARN_INFINITE_RECURSION = YES;
				CLANG_WARN_INT_CONVERSION = YES;
				CLANG_WARN_NON_LITERAL_NULL_CONVERSION = YES;
				CLANG_WARN_OBJC_IMPLICIT_RETAIN_SELF = YES;
				CLANG_WARN_OBJC_LITERAL_CONVERSION = YES;
				CLANG_WARN_OBJC_ROOT_CLASS = YES_ERROR;
				CLANG_WARN_RANGE_LOOP_ANALYSIS = YES;
				CLANG_WARN_STRICT_PROTOTYPES = YES;
				CLANG_WARN_SUSPICIOUS_MOVE = YES;
				CLANG_WARN_UNGUARDED_AVAILABILITY = YES_AGGRESSIVE;
				CLANG_WARN_UNREACHABLE_CODE = YES;
				CLANG_WARN__DUPLICATE_METHOD_MATCH = YES;
				COPY_PHASE_STRIP = NO;
				DEBUG_INFORMATION_FORMAT = dwarf;
				ENABLE_STRICT_OBJC_MSGSEND = YES;
				ENABLE_TESTABILITY = YES;
				GCC_C_LANGUAGE_STANDARD = gnu11;
				GCC_DYNAMIC_NO_PIC = NO;
				GCC_NO_COMMON_BLOCKS = YES;
				GCC_OPTIMIZATION_LEVEL = 0;
				GCC_PREPROCESSOR_DEFINITIONS = (
					"DEBUG=1",
					"$(inherited)",
				);
				GCC_WARN_64_TO_32_BIT_CONVERSION = YES;
				GCC_WARN_ABOUT_RETURN_TYPE = YES_ERROR;
				GCC_WARN_UNDECLARED_SELECTOR = YES;
				GCC_WARN_UNINITIALIZED_AUTOS = YES_AGGRESSIVE;
				GCC_WARN_UNUSED_FUNCTION = YES;
				GCC_WARN_UNUSED_VARIABLE = YES;
				IPHONEOS_DEPLOYMENT_TARGET = 13.6;
				MTL_ENABLE_DEBUG_INFO = INCLUDE_SOURCE;
				MTL_FAST_MATH = YES;
				ONLY_ACTIVE_ARCH = YES;
				SDKROOT = iphoneos;
				SWIFT_ACTIVE_COMPILATION_CONDITIONS = DEBUG;
				SWIFT_OPTIMIZATION_LEVEL = "-Onone";
			};
			name = Debug;
		};
		04A4777A24F3DDFB00D470DF /* Release */ = {
			isa = XCBuildConfiguration;
			buildSettings = {
				ALWAYS_SEARCH_USER_PATHS = NO;
				CLANG_ANALYZER_NONNULL = YES;
				CLANG_ANALYZER_NUMBER_OBJECT_CONVERSION = YES_AGGRESSIVE;
				CLANG_CXX_LANGUAGE_STANDARD = "gnu++14";
				CLANG_CXX_LIBRARY = "libc++";
				CLANG_ENABLE_MODULES = YES;
				CLANG_ENABLE_OBJC_ARC = YES;
				CLANG_ENABLE_OBJC_WEAK = YES;
				CLANG_WARN_BLOCK_CAPTURE_AUTORELEASING = YES;
				CLANG_WARN_BOOL_CONVERSION = YES;
				CLANG_WARN_COMMA = YES;
				CLANG_WARN_CONSTANT_CONVERSION = YES;
				CLANG_WARN_DEPRECATED_OBJC_IMPLEMENTATIONS = YES;
				CLANG_WARN_DIRECT_OBJC_ISA_USAGE = YES_ERROR;
				CLANG_WARN_DOCUMENTATION_COMMENTS = YES;
				CLANG_WARN_EMPTY_BODY = YES;
				CLANG_WARN_ENUM_CONVERSION = YES;
				CLANG_WARN_INFINITE_RECURSION = YES;
				CLANG_WARN_INT_CONVERSION = YES;
				CLANG_WARN_NON_LITERAL_NULL_CONVERSION = YES;
				CLANG_WARN_OBJC_IMPLICIT_RETAIN_SELF = YES;
				CLANG_WARN_OBJC_LITERAL_CONVERSION = YES;
				CLANG_WARN_OBJC_ROOT_CLASS = YES_ERROR;
				CLANG_WARN_RANGE_LOOP_ANALYSIS = YES;
				CLANG_WARN_STRICT_PROTOTYPES = YES;
				CLANG_WARN_SUSPICIOUS_MOVE = YES;
				CLANG_WARN_UNGUARDED_AVAILABILITY = YES_AGGRESSIVE;
				CLANG_WARN_UNREACHABLE_CODE = YES;
				CLANG_WARN__DUPLICATE_METHOD_MATCH = YES;
				COPY_PHASE_STRIP = NO;
				DEBUG_INFORMATION_FORMAT = "dwarf-with-dsym";
				ENABLE_NS_ASSERTIONS = NO;
				ENABLE_STRICT_OBJC_MSGSEND = YES;
				GCC_C_LANGUAGE_STANDARD = gnu11;
				GCC_NO_COMMON_BLOCKS = YES;
				GCC_WARN_64_TO_32_BIT_CONVERSION = YES;
				GCC_WARN_ABOUT_RETURN_TYPE = YES_ERROR;
				GCC_WARN_UNDECLARED_SELECTOR = YES;
				GCC_WARN_UNINITIALIZED_AUTOS = YES_AGGRESSIVE;
				GCC_WARN_UNUSED_FUNCTION = YES;
				GCC_WARN_UNUSED_VARIABLE = YES;
				IPHONEOS_DEPLOYMENT_TARGET = 13.6;
				MTL_ENABLE_DEBUG_INFO = NO;
				MTL_FAST_MATH = YES;
				SDKROOT = iphoneos;
				SWIFT_COMPILATION_MODE = wholemodule;
				SWIFT_OPTIMIZATION_LEVEL = "-O";
				VALIDATE_PRODUCT = YES;
			};
			name = Release;
		};
		04A4777C24F3DDFB00D470DF /* Debug */ = {
			isa = XCBuildConfiguration;
			baseConfigurationReference = 08B4E880D95DB80F01A2FB87 /* Pods-CurrencyApp.debug.xcconfig */;
			buildSettings = {
				ASSETCATALOG_COMPILER_APPICON_NAME = AppIcon;
				CODE_SIGN_STYLE = Automatic;
				DEVELOPMENT_TEAM = X2966HJ9W3;
				INFOPLIST_FILE = CurrencyApp/Info.plist;
				IPHONEOS_DEPLOYMENT_TARGET = 11.0;
				LD_RUNPATH_SEARCH_PATHS = (
					"$(inherited)",
					"@executable_path/Frameworks",
				);
				PRODUCT_BUNDLE_IDENTIFIER = es.kuzin.CurrencyApp;
				PRODUCT_NAME = "$(TARGET_NAME)";
				SWIFT_VERSION = 5.0;
				TARGETED_DEVICE_FAMILY = 1;
			};
			name = Debug;
		};
		04A4777D24F3DDFB00D470DF /* Release */ = {
			isa = XCBuildConfiguration;
			baseConfigurationReference = 35FB789D2005D4520E591138 /* Pods-CurrencyApp.release.xcconfig */;
			buildSettings = {
				ASSETCATALOG_COMPILER_APPICON_NAME = AppIcon;
				CODE_SIGN_STYLE = Automatic;
				DEVELOPMENT_TEAM = X2966HJ9W3;
				INFOPLIST_FILE = CurrencyApp/Info.plist;
				IPHONEOS_DEPLOYMENT_TARGET = 11.0;
				LD_RUNPATH_SEARCH_PATHS = (
					"$(inherited)",
					"@executable_path/Frameworks",
				);
				PRODUCT_BUNDLE_IDENTIFIER = es.kuzin.CurrencyApp;
				PRODUCT_NAME = "$(TARGET_NAME)";
				SWIFT_VERSION = 5.0;
				TARGETED_DEVICE_FAMILY = 1;
			};
			name = Release;
		};
/* End XCBuildConfiguration section */

/* Begin XCConfigurationList section */
		04A4776224F3DDF800D470DF /* Build configuration list for PBXProject "CurrencyApp" */ = {
			isa = XCConfigurationList;
			buildConfigurations = (
				04A4777924F3DDFB00D470DF /* Debug */,
				04A4777A24F3DDFB00D470DF /* Release */,
			);
			defaultConfigurationIsVisible = 0;
			defaultConfigurationName = Release;
		};
		04A4777B24F3DDFB00D470DF /* Build configuration list for PBXNativeTarget "CurrencyApp" */ = {
			isa = XCConfigurationList;
			buildConfigurations = (
				04A4777C24F3DDFB00D470DF /* Debug */,
				04A4777D24F3DDFB00D470DF /* Release */,
			);
			defaultConfigurationIsVisible = 0;
			defaultConfigurationName = Release;
		};
/* End XCConfigurationList section */
	};
	rootObject = 04A4775F24F3DDF800D470DF /* Project object */;
}
